{
    "_readme": [
        "This file locks the dependencies of your project to a known state",
        "Read more about it at https://getcomposer.org/doc/01-basic-usage.md#composer-lock-the-lock-file",
        "This file is @generated automatically"
    ],
    "content-hash": "7f629b0a1f567cbadf0effed239c364b",
    "packages": [
        {
            "name": "dg/adminer-custom",
            "version": "v1.9.1",
            "source": {
                "type": "git",
                "url": "https://github.com/dg/adminer-custom.git",
                "reference": "023279c5803b4d2580f5934d1c178ce4838a1ae9"
            },
            "dist": {
                "type": "zip",
                "url": "https://api.github.com/repos/dg/adminer-custom/zipball/023279c5803b4d2580f5934d1c178ce4838a1ae9",
                "reference": "023279c5803b4d2580f5934d1c178ce4838a1ae9",
                "shasum": ""
            },
            "type": "library",
            "notification-url": "https://packagist.org/downloads/",
            "description": "Customization for Adminer, the best database management tool written in PHP.",
            "keywords": [
                "database",
                "elasticsearch",
                "mongodb",
                "mssql",
                "mysql",
                "oracle",
                "postgresql",
                "sqlite"
            ],
            "time": "2017-04-12T16:27:46+00:00"
        }
    ],
    "packages-dev": [],
    "aliases": [],
    "minimum-stability": "stable",
    "stability-flags": [],
    "prefer-stable": false,
    "prefer-lowest": false,
    "platform": {
        "php": ">=7.1.0",
        "ext-mysqlnd": "*",
        "ext-zip": "*"
    },
    "platform-dev": []
}
